<?xml version="1.0" encoding="utf-8"?>
<Project ToolsVersion="4.0" xmlns="http://schemas.microsoft.com/developer/msbuild/2003">
  <ItemGroup>
    <Filter Include="Source Files">
      <UniqueIdentifier>{4FC737F1-C7A5-4376-A066-2A32D752A2FF}</UniqueIdentifier>
      <Extensions>cpp;c;cc;cxx;c++;cppm;ixx;def;odl;idl;hpj;bat;asm;asmx</Extensions>
    </Filter>
  </ItemGroup>
  <ItemGroup>
    <ClInclude Include="src\rg.h">
      <Filter>Source Files</Filter>
    </ClInclude>
    <ClInclude Include="src\scroll_bar.h">
      <Filter>Source Files</Filter>
    </ClInclude>
    <ClInclude Include="src\skin.h">
      <Filter>Source Files</Filter>
    </ClInclude>
    <ClInclude Include="src\slider.h">
      <Filter>Source Files</Filter>
    </ClInclude>
    <ClInclude Include="src\slider_bar.h">
      <Filter>Source Files</Filter>
    </ClInclude>
    <ClInclude Include="src\song.h">
      <Filter>Source Files</Filter>
    </ClInclude>
    <ClInclude Include="src\song_select.h">
      <Filter>Source Files</Filter>
    </ClInclude>
    <ClInclude Include="src\spinner.h">
      <Filter>Source Files</Filter>
    </ClInclude>
    <ClInclude Include="src\text.h">
      <Filter>Source Files</Filter>
    </ClInclude>
    <ClInclude Include="src\text2.h">
      <Filter>Source Files</Filter>
    </ClInclude>
    <ClInclude Include="src\text3.h">
      <Filter>Source Files</Filter>
    </ClInclude>
    <ClInclude Include="src\textures.h">
      <Filter>Source Files</Filter>
    </ClInclude>
    <ClInclude Include="src\timeline.h">
      <Filter>Source Files</Filter>
    </ClInclude>
    <ClInclude Include="src\timer.h">
      <Filter>Source Files</Filter>
    </ClInclude>
    <ClInclude Include="src\timing_section.h">
      <Filter>Source Files</Filter>
    </ClInclude>
    <ClInclude Include="src\utils.h">
      <Filter>Source Files</Filter>
    </ClInclude>
    <ClInclude Include="src\vec.h">
      <Filter>Source Files</Filter>
    </ClInclude>
    <ClInclude Include="src\approach_circle.h">
      <Filter>Source Files</Filter>
    </ClInclude>
    <ClInclude Include="src\audio_engine.h">
      <Filter>Source Files</Filter>
    </ClInclude>
    <ClInclude Include="src\button.h">
      <Filter>Source Files</Filter>
    </ClInclude>
    <ClInclude Include="src\center_status.h">
      <Filter>Source Files</Filter>
    </ClInclude>
    <ClInclude Include="src\checkbox.h">
      <Filter>Source Files</Filter>
    </ClInclude>
    <ClInclude Include="src\circle.h">
      <Filter>Source Files</Filter>
    </ClInclude>
    <ClInclude Include="src\color.h">
      <Filter>Source Files</Filter>
    </ClInclude>
    <ClInclude Include="src\config.h">
      <Filter>Source Files</Filter>
    </ClInclude>
    <ClInclude Include="src\console.h">
      <Filter>Source Files</Filter>
    </ClInclude>
    <ClInclude Include="src\context_menu.h">
      <Filter>Source Files</Filter>
    </ClInclude>
    <ClInclude Include="src\curves.h">
      <Filter>Source Files</Filter>
    </ClInclude>
    <ClInclude Include="src\dir.h">
      <Filter>Source Files</Filter>
    </ClInclude>
    <ClInclude Include="src\discord.h">
      <Filter>Source Files</Filter>
    </ClInclude>
    <ClInclude Include="src\explosion.h">
      <Filter>Source Files</Filter>
    </ClInclude>
    <ClInclude Include="src\ezgui.h">
      <Filter>Source Files</Filter>
    </ClInclude>
    <ClInclude Include="src\gl_helper.h">
      <Filter>Source Files</Filter>
    </ClInclude>
    <ClInclude Include="src\globals.h">
      <Filter>Source Files</Filter>
    </ClInclude>
    <ClInclude Include="src\glyphs.h">
      <Filter>Source Files</Filter>
    </ClInclude>
    <ClInclude Include="src\gui.h">
      <Filter>Source Files</Filter>
    </ClInclude>
    <ClInclude Include="src\gui_win.h">
      <Filter>Source Files</Filter>
    </ClInclude>
    <ClInclude Include="src\gui_win_man.h">
      <Filter>Source Files</Filter>
    </ClInclude>
    <ClInclude Include="src\health_bar.h">
      <Filter>Source Files</Filter>
    </ClInclude>
    <ClInclude Include="src\includes.h">
      <Filter>Source Files</Filter>
    </ClInclude>
    <ClInclude Include="src\input_box.h">
      <Filter>Source Files</Filter>
    </ClInclude>
    <ClInclude Include="src\list.h">
      <Filter>Source Files</Filter>
    </ClInclude>
    <ClInclude Include="src\logger.h">
      <Filter>Source Files</Filter>
    </ClInclude>
    <ClInclude Include="src\login_win.h">
      <Filter>Source Files</Filter>
    </ClInclude>
    <ClInclude Include="src\mania_note.h">
      <Filter>Source Files</Filter>
    </ClInclude>
    <ClInclude Include="src\mouse.h">
      <Filter>Source Files</Filter>
    </ClInclude>
    <ClInclude Include="src\notification.h">
      <Filter>Source Files</Filter>
    </ClInclude>
    <ClInclude Include="src\object.h">
      <Filter>Source Files</Filter>
    </ClInclude>
    <ClInclude Include="src\online_client.h">
      <Filter>Source Files</Filter>
    </ClInclude>
    <ClInclude Include="src\online_db.h">
      <Filter>Source Files</Filter>
    </ClInclude>
    <ClInclude Include="src\online_globals.h">
      <Filter>Source Files</Filter>
    </ClInclude>
    <ClInclude Include="src\online_packet.h">
      <Filter>Source Files</Filter>
    </ClInclude>
    <ClInclude Include="src\online_player.h">
      <Filter>Source Files</Filter>
    </ClInclude>
    <ClInclude Include="src\online_replay_list.h">
      <Filter>Source Files</Filter>
    </ClInclude>
    <ClInclude Include="src\online_server.h">
      <Filter>Source Files</Filter>
    </ClInclude>
    <ClInclude Include="src\popup.h">
      <Filter>Source Files</Filter>
    </ClInclude>
    <ClInclude Include="src\rect.h">
      <Filter>Source Files</Filter>
    </ClInclude>
    <ClInclude Include="src\replay.h">
      <Filter>Source Files</Filter>
    </ClInclude>
    <ClInclude Include="src\events.h">
      <Filter>Source Files</Filter>
    </ClInclude>
  </ItemGroup>
  <ItemGroup>
    <ClCompile Include="src\approach_circle.c">
      <Filter>Source Files</Filter>
    </ClCompile>
    <ClCompile Include="src\audio_engine.c">
      <Filter>Source Files</Filter>
    </ClCompile>
    <ClCompile Include="src\button.c">
      <Filter>Source Files</Filter>
    </ClCompile>
    <ClCompile Include="src\center_status.c">
      <Filter>Source Files</Filter>
    </ClCompile>
    <ClCompile Include="src\checkbox.c">
      <Filter>Source Files</Filter>
    </ClCompile>
    <ClCompile Include="src\circle.c">
      <Filter>Source Files</Filter>
    </ClCompile>
    <ClCompile Include="src\color.c">
      <Filter>Source Files</Filter>
    </ClCompile>
    <ClCompile Include="src\config.c">
      <Filter>Source Files</Filter>
    </ClCompile>
    <ClCompile Include="src\console.c">
      <Filter>Source Files</Filter>
    </ClCompile>
    <ClCompile Include="src\context_menu.c">
      <Filter>Source Files</Filter>
    </ClCompile>
    <ClCompile Include="src\curves.c">
      <Filter>Source Files</Filter>
    </ClCompile>
    <ClCompile Include="src\discord.c">
      <Filter>Source Files</Filter>
    </ClCompile>
    <ClCompile Include="src\explosion.c">
      <Filter>Source Files</Filter>
    </ClCompile>
    <ClCompile Include="src\ezgui.c">
      <Filter>Source Files</Filter>
    </ClCompile>
    <ClCompile Include="src\glyphs.c">
      <Filter>Source Files</Filter>
    </ClCompile>
    <ClCompile Include="src\gui.c">
      <Filter>Source Files</Filter>
    </ClCompile>
    <ClCompile Include="src\gui_win.c">
      <Filter>Source Files</Filter>
    </ClCompile>
    <ClCompile Include="src\gui_win_man.c">
      <Filter>Source Files</Filter>
    </ClCompile>
    <ClCompile Include="src\health_bar.c">
      <Filter>Source Files</Filter>
    </ClCompile>
    <ClCompile Include="src\input_box.c">
      <Filter>Source Files</Filter>
    </ClCompile>
    <ClCompile Include="src\list.c">
      <Filter>Source Files</Filter>
    </ClCompile>
    <ClCompile Include="src\logger.c">
      <Filter>Source Files</Filter>
    </ClCompile>
    <ClCompile Include="src\login_win.c">
      <Filter>Source Files</Filter>
    </ClCompile>
    <ClCompile Include="src\mania_note.c">
      <Filter>Source Files</Filter>
    </ClCompile>
    <ClCompile Include="src\mouse.c">
      <Filter>Source Files</Filter>
    </ClCompile>
    <ClCompile Include="src\notification.c">
      <Filter>Source Files</Filter>
    </ClCompile>
    <ClCompile Include="src\object.c">
      <Filter>Source Files</Filter>
    </ClCompile>
    <ClCompile Include="src\online_client.c">
      <Filter>Source Files</Filter>
    </ClCompile>
    <ClCompile Include="src\online_db.c">
      <Filter>Source Files</Filter>
    </ClCompile>
    <ClCompile Include="src\online_packet.c">
      <Filter>Source Files</Filter>
    </ClCompile>
    <ClCompile Include="src\online_player.c">
      <Filter>Source Files</Filter>
    </ClCompile>
    <ClCompile Include="src\online_replay_list.c">
      <Filter>Source Files</Filter>
    </ClCompile>
    <ClCompile Include="src\online_server.c">
      <Filter>Source Files</Filter>
    </ClCompile>
    <ClCompile Include="src\popup.c">
      <Filter>Source Files</Filter>
    </ClCompile>
    <ClCompile Include="src\rect.c">
      <Filter>Source Files</Filter>
    </ClCompile>
    <ClCompile Include="src\replay.c">
      <Filter>Source Files</Filter>
    </ClCompile>
    <ClCompile Include="src\rg.c">
      <Filter>Source Files</Filter>
    </ClCompile>
    <ClCompile Include="src\scroll_bar.c">
      <Filter>Source Files</Filter>
    </ClCompile>
    <ClCompile Include="src\skin.c">
      <Filter>Source Files</Filter>
    </ClCompile>
    <ClCompile Include="src\slider.c">
      <Filter>Source Files</Filter>
    </ClCompile>
    <ClCompile Include="src\slider_bar.c">
      <Filter>Source Files</Filter>
    </ClCompile>
    <ClCompile Include="src\song.c">
      <Filter>Source Files</Filter>
    </ClCompile>
    <ClCompile Include="src\song_select.c">
      <Filter>Source Files</Filter>
    </ClCompile>
    <ClCompile Include="src\spinner.c">
      <Filter>Source Files</Filter>
    </ClCompile>
    <ClCompile Include="src\text.c">
      <Filter>Source Files</Filter>
    </ClCompile>
    <ClCompile Include="src\text2.c">
      <Filter>Source Files</Filter>
    </ClCompile>
    <ClCompile Include="src\text3.c">
      <Filter>Source Files</Filter>
    </ClCompile>
    <ClCompile Include="src\textures.c">
      <Filter>Source Files</Filter>
    </ClCompile>
    <ClCompile Include="src\timeline.c">
      <Filter>Source Files</Filter>
    </ClCompile>
    <ClCompile Include="src\timer.c">
      <Filter>Source Files</Filter>
    </ClCompile>
    <ClCompile Include="src\timing_section.c">
      <Filter>Source Files</Filter>
    </ClCompile>
    <ClCompile Include="src\utils.c">
      <Filter>Source Files</Filter>
    </ClCompile>
    <ClCompile Include="src\vec.c">
      <Filter>Source Files</Filter>
    </ClCompile>
    <ClCompile Include="src\events.c">
      <Filter>Source Files</Filter>
    </ClCompile>
  </ItemGroup>
</Project>